// !$*UTF8*$!
{
	archiveVersion = 1;
	classes = {
	};
	objectVersion = 50;
	objects = {

/* Begin PBXBuildFile section */
		651A23C420AC533D00590782 /* AppDelegate.swift in Sources */ = {isa = PBXBuildFile; fileRef = 651A23C320AC533D00590782 /* AppDelegate.swift */; };
		651A23C620AC533D00590782 /* ViewController.swift in Sources */ = {isa = PBXBuildFile; fileRef = 651A23C520AC533D00590782 /* ViewController.swift */; };
		651A23C920AC533D00590782 /* Main.storyboard in Resources */ = {isa = PBXBuildFile; fileRef = 651A23C720AC533D00590782 /* Main.storyboard */; };
		651A23CB20AC534600590782 /* Assets.xcassets in Resources */ = {isa = PBXBuildFile; fileRef = 651A23CA20AC534600590782 /* Assets.xcassets */; };
		651A23CE20AC534600590782 /* LaunchScreen.storyboard in Resources */ = {isa = PBXBuildFile; fileRef = 651A23CC20AC534600590782 /* LaunchScreen.storyboard */; };
		651A23D720AC78BD00590782 /* unsplash01.jpg in Resources */ = {isa = PBXBuildFile; fileRef = 651A23D620AC78BD00590782 /* unsplash01.jpg */; };
		651A23E120AC78F400590782 /* unsplash02.jpg in Resources */ = {isa = PBXBuildFile; fileRef = 651A23D820AC78EB00590782 /* unsplash02.jpg */; };
		651A23E220AC78F400590782 /* unsplash03.jpg in Resources */ = {isa = PBXBuildFile; fileRef = 651A23D920AC78EC00590782 /* unsplash03.jpg */; };
		651A23E320AC78F400590782 /* unsplash04.jpg in Resources */ = {isa = PBXBuildFile; fileRef = 651A23DA20AC78EE00590782 /* unsplash04.jpg */; };
		651A23E420AC78F400590782 /* unsplash09.jpg in Resources */ = {isa = PBXBuildFile; fileRef = 651A23DB20AC78EE00590782 /* unsplash09.jpg */; };
		651A23E520AC78F400590782 /* unsplash05.jpg in Resources */ = {isa = PBXBuildFile; fileRef = 651A23DC20AC78EF00590782 /* unsplash05.jpg */; };
		651A23E620AC78F400590782 /* unsplash10.jpg in Resources */ = {isa = PBXBuildFile; fileRef = 651A23DD20AC78F000590782 /* unsplash10.jpg */; };
		651A23E720AC78F400590782 /* unsplash06.jpg in Resources */ = {isa = PBXBuildFile; fileRef = 651A23DE20AC78F200590782 /* unsplash06.jpg */; };
		651A23E820AC78F400590782 /* unsplash07.jpg in Resources */ = {isa = PBXBuildFile; fileRef = 651A23DF20AC78F400590782 /* unsplash07.jpg */; };
		651A23E920AC78F400590782 /* unsplash08.jpg in Resources */ = {isa = PBXBuildFile; fileRef = 651A23E020AC78F400590782 /* unsplash08.jpg */; };
/* End PBXBuildFile section */

/* Begin PBXFileReference section */
		651A23C020AC533D00590782 /* StormViewer.app */ = {isa = PBXFileReference; explicitFileType = wrapper.application; includeInIndex = 0; path = StormViewer.app; sourceTree = BUILT_PRODUCTS_DIR; };
		651A23C320AC533D00590782 /* AppDelegate.swift */ = {isa = PBXFileReference; lastKnownFileType = sourcecode.swift; path = AppDelegate.swift; sourceTree = "<group>"; };
		651A23C520AC533D00590782 /* ViewController.swift */ = {isa = PBXFileReference; lastKnownFileType = sourcecode.swift; path = ViewController.swift; sourceTree = "<group>"; };
		651A23C820AC533D00590782 /* Base */ = {isa = PBXFileReference; lastKnownFileType = file.storyboard; name = Base; path = Base.lproj/Main.storyboard; sourceTree = "<group>"; };
		651A23CA20AC534600590782 /* Assets.xcassets */ = {isa = PBXFileReference; lastKnownFileType = folder.assetcatalog; path = Assets.xcassets; sourceTree = "<group>"; };
		651A23CD20AC534600590782 /* Base */ = {isa = PBXFileReference; lastKnownFileType = file.storyboard; name = Base; path = Base.lproj/LaunchScreen.storyboard; sourceTree = "<group>"; };
		651A23CF20AC534600590782 /* Info.plist */ = {isa = PBXFileReference; lastKnownFileType = text.plist.xml; path = Info.plist; sourceTree = "<group>"; };
		651A23D620AC78BD00590782 /* unsplash01.jpg */ = {isa = PBXFileReference; lastKnownFileType = image.jpeg; path = unsplash01.jpg; sourceTree = "<group>"; };
		651A23D820AC78EB00590782 /* unsplash02.jpg */ = {isa = PBXFileReference; lastKnownFileType = image.jpeg; path = unsplash02.jpg; sourceTree = "<group>"; };
		651A23D920AC78EC00590782 /* unsplash03.jpg */ = {isa = PBXFileReference; lastKnownFileType = image.jpeg; path = unsplash03.jpg; sourceTree = "<group>"; };
		651A23DA20AC78EE00590782 /* unsplash04.jpg */ = {isa = PBXFileReference; lastKnownFileType = image.jpeg; path = unsplash04.jpg; sourceTree = "<group>"; };
		651A23DB20AC78EE00590782 /* unsplash09.jpg */ = {isa = PBXFileReference; lastKnownFileType = image.jpeg; path = unsplash09.jpg; sourceTree = "<group>"; };
		651A23DC20AC78EF00590782 /* unsplash05.jpg */ = {isa = PBXFileReference; lastKnownFileType = image.jpeg; path = unsplash05.jpg; sourceTree = "<group>"; };
		651A23DD20AC78F000590782 /* unsplash10.jpg */ = {isa = PBXFileReference; lastKnownFileType = image.jpeg; path = unsplash10.jpg; sourceTree = "<group>"; };
		651A23DE20AC78F200590782 /* unsplash06.jpg */ = {isa = PBXFileReference; lastKnownFileType = image.jpeg; path = unsplash06.jpg; sourceTree = "<group>"; };
		651A23DF20AC78F400590782 /* unsplash07.jpg */ = {isa = PBXFileReference; lastKnownFileType = image.jpeg; path = unsplash07.jpg; sourceTree = "<group>"; };
		651A23E020AC78F400590782 /* unsplash08.jpg */ = {isa = PBXFileReference; lastKnownFileType = image.jpeg; path = unsplash08.jpg; sourceTree = "<group>"; };
/* End PBXFileReference section */

/* Begin PBXFrameworksBuildPhase section */
		651A23BD20AC533C00590782 /* Frameworks */ = {
			isa = PBXFrameworksBuildPhase;
			buildActionMask = 2147483647;
			files = (
			);
			runOnlyForDeploymentPostprocessing = 0;
		};
/* End PBXFrameworksBuildPhase section */

/* Begin PBXGroup section */
		651A23B720AC533C00590782 = {
			isa = PBXGroup;
			children = (
				651A23C220AC533D00590782 /* StormViewer */,
				651A23C120AC533D00590782 /* Products */,
			);
			sourceTree = "<group>";
		};
		651A23C120AC533D00590782 /* Products */ = {
			isa = PBXGroup;
			children = (
				651A23C020AC533D00590782 /* StormViewer.app */,
			);
			name = Products;
			sourceTree = "<group>";
		};
		651A23C220AC533D00590782 /* StormViewer */ = {
			isa = PBXGroup;
			children = (
				651A23C320AC533D00590782 /* AppDelegate.swift */,
				651A23C520AC533D00590782 /* ViewController.swift */,
				651A23C720AC533D00590782 /* Main.storyboard */,
				651A23CA20AC534600590782 /* Assets.xcassets */,
				651A23CC20AC534600590782 /* LaunchScreen.storyboard */,
				651A23D520AC788700590782 /* Content */,
				651A23CF20AC534600590782 /* Info.plist */,
			);
			path = StormViewer;
			sourceTree = "<group>";
		};
		651A23D520AC788700590782 /* Content */ = {
			isa = PBXGroup;
			children = (
				651A23D820AC78EB00590782 /* unsplash02.jpg */,
				651A23D920AC78EC00590782 /* unsplash03.jpg */,
				651A23DA20AC78EE00590782 /* unsplash04.jpg */,
				651A23DC20AC78EF00590782 /* unsplash05.jpg */,
				651A23DE20AC78F200590782 /* unsplash06.jpg */,
				651A23DF20AC78F400590782 /* unsplash07.jpg */,
				651A23E020AC78F400590782 /* unsplash08.jpg */,
				651A23DB20AC78EE00590782 /* unsplash09.jpg */,
				651A23DD20AC78F000590782 /* unsplash10.jpg */,
				651A23D620AC78BD00590782 /* unsplash01.jpg */,
			);
			path = Content;
			sourceTree = "<group>";
		};
/* End PBXGroup section */

/* Begin PBXNativeTarget section */
		651A23BF20AC533C00590782 /* StormViewer */ = {
			isa = PBXNativeTarget;
			buildConfigurationList = 651A23D220AC534600590782 /* Build configuration list for PBXNativeTarget "StormViewer" */;
			buildPhases = (
				651A23BC20AC533C00590782 /* Sources */,
				651A23BD20AC533C00590782 /* Frameworks */,
				651A23BE20AC533C00590782 /* Resources */,
			);
			buildRules = (
			);
			dependencies = (
			);
			name = StormViewer;
			productName = StormViewer;
			productReference = 651A23C020AC533D00590782 /* StormViewer.app */;
			productType = "com.apple.product-type.application";
		};
/* End PBXNativeTarget section */

/* Begin PBXProject section */
		651A23B820AC533C00590782 /* Project object */ = {
			isa = PBXProject;
			attributes = {
				LastSwiftUpdateCheck = 0930;
				LastUpgradeCheck = 0930;
				ORGANIZATIONNAME = Grace;
				TargetAttributes = {
					651A23BF20AC533C00590782 = {
						CreatedOnToolsVersion = 9.3;
					};
				};
			};
			buildConfigurationList = 651A23BB20AC533C00590782 /* Build configuration list for PBXProject "StormViewer" */;
			compatibilityVersion = "Xcode 9.3";
			developmentRegion = en;
			hasScannedForEncodings = 0;
			knownRegions = (
				en,
				Base,
			);
			mainGroup = 651A23B720AC533C00590782;
			productRefGroup = 651A23C120AC533D00590782 /* Products */;
			projectDirPath = "";
			projectRoot = "";
			targets = (
				651A23BF20AC533C00590782 /* StormViewer */,
			);
		};
/* End PBXProject section */

/* Begin PBXResourcesBuildPhase section */
		651A23BE20AC533C00590782 /* Resources */ = {
			isa = PBXResourcesBuildPhase;
			buildActionMask = 2147483647;
			files = (
				651A23E720AC78F400590782 /* unsplash06.jpg in Resources */,
				651A23E520AC78F400590782 /* unsplash05.jpg in Resources */,
				651A23D720AC78BD00590782 /* unsplash01.jpg in Resources */,
				651A23E920AC78F400590782 /* unsplash08.jpg in Resources */,
				651A23CE20AC534600590782 /* LaunchScreen.storyboard in Resources */,
				651A23E220AC78F400590782 /* unsplash03.jpg in Resources */,
				651A23CB20AC534600590782 /* Assets.xcassets in Resources */,
				651A23E420AC78F400590782 /* unsplash09.jpg in Resources */,
				651A23E120AC78F400590782 /* unsplash02.jpg in Resources */,
				651A23C920AC533D00590782 /* Main.storyboard in Resources */,
				651A23E620AC78F400590782 /* unsplash10.jpg in Resources */,
				651A23E820AC78F400590782 /* unsplash07.jpg in Resources */,
				651A23E320AC78F400590782 /* unsplash04.jpg in Resources */,
			);
			runOnlyForDeploymentPostprocessing = 0;
		};
/* End PBXResourcesBuildPhase section */

/* Begin PBXSourcesBuildPhase section */
		651A23BC20AC533C00590782 /* Sources */ = {
			isa = PBXSourcesBuildPhase;
			buildActionMask = 2147483647;
			files = (
				651A23C620AC533D00590782 /* ViewController.swift in Sources */,
				651A23C420AC533D00590782 /* AppDelegate.swift in Sources */,
			);
			runOnlyForDeploymentPostprocessing = 0;
		};
/* End PBXSourcesBuildPhase section */

/* Begin PBXVariantGroup section */
		651A23C720AC533D00590782 /* Main.storyboard */ = {
			isa = PBXVariantGroup;
			children = (
				651A23C820AC533D00590782 /* Base */,
			);
			name = Main.storyboard;
			sourceTree = "<group>";
		};
		651A23CC20AC534600590782 /* LaunchScreen.storyboard */ = {
			isa = PBXVariantGroup;
			children = (
				651A23CD20AC534600590782 /* Base */,
			);
			name = LaunchScreen.storyboard;
			sourceTree = "<group>";
		};
/* End PBXVariantGroup section */

/* Begin XCBuildConfiguration section */
		651A23D020AC534600590782 /* Debug */ = {
			isa = XCBuildConfiguration;
			buildSettings = {
				ALWAYS_SEARCH_USER_PATHS = NO;
				CLANG_ANALYZER_NONNULL = YES;
				CLANG_ANALYZER_NUMBER_OBJECT_CONVERSION = YES_AGGRESSIVE;
				CLANG_CXX_LANGUAGE_STANDARD = "gnu++14";
				CLANG_CXX_LIBRARY = "libc++";
				CLANG_ENABLE_MODULES = YES;
				CLANG_ENABLE_OBJC_ARC = YES;
				CLANG_ENABLE_OBJC_WEAK = YES;
				CLANG_WARN_BLOCK_CAPTURE_AUTORELEASING = YES;
				CLANG_WARN_BOOL_CONVERSION = YES;
				CLANG_WARN_COMMA = YES;
				CLANG_WARN_CONSTANT_CONVERSION = YES;
				CLANG_WARN_DEPRECATED_OBJC_IMPLEMENTATIONS = YES;
				CLANG_WARN_DIRECT_OBJC_ISA_USAGE = YES_ERROR;
				CLANG_WARN_DOCUMENTATION_COMMENTS = YES;
				CLANG_WARN_EMPTY_BODY = YES;
				CLANG_WARN_ENUM_CONVERSION = YES;
				CLANG_WARN_INFINITE_RECURSION = YES;
				CLANG_WARN_INT_CONVERSION = YES;
				CLANG_WARN_NON_LITERAL_NULL_CONVERSION = YES;
				CLANG_WARN_OBJC_IMPLICIT_RETAIN_SELF = YES;
				CLANG_WARN_OBJC_LITERAL_CONVERSION = YES;
				CLANG_WARN_OBJC_ROOT_CLASS = YES_ERROR;
				CLANG_WARN_RANGE_LOOP_ANALYSIS = YES;
				CLANG_WARN_STRICT_PROTOTYPES = YES;
				CLANG_WARN_SUSPICIOUS_MOVE = YES;
				CLANG_WARN_UNGUARDED_AVAILABILITY = YES_AGGRESSIVE;
				CLANG_WARN_UNREACHABLE_CODE = YES;
				CLANG_WARN__DUPLICATE_METHOD_MATCH = YES;
				CODE_SIGN_IDENTITY = "iPhone Developer";
				COPY_PHASE_STRIP = NO;
				DEBUG_INFORMATION_FORMAT = dwarf;
				ENABLE_STRICT_OBJC_MSGSEND = YES;
				ENABLE_TESTABILITY = YES;
				GCC_C_LANGUAGE_STANDARD = gnu11;
				GCC_DYNAMIC_NO_PIC = NO;
				GCC_NO_COMMON_BLOCKS = YES;
				GCC_OPTIMIZATION_LEVEL = 0;
				GCC_PREPROCESSOR_DEFINITIONS = (
					"DEBUG=1",
					"$(inherited)",
				);
				GCC_WARN_64_TO_32_BIT_CONVERSION = YES;
				GCC_WARN_ABOUT_RETURN_TYPE = YES_ERROR;
				GCC_WARN_UNDECLARED_SELECTOR = YES;
				GCC_WARN_UNINITIALIZED_AUTOS = YES_AGGRESSIVE;
				GCC_WARN_UNUSED_FUNCTION = YES;
				GCC_WARN_UNUSED_VARIABLE = YES;
				IPHONEOS_DEPLOYMENT_TARGET = 11.3;
				MTL_ENABLE_DEBUG_INFO = YES;
				ONLY_ACTIVE_ARCH = YES;
				SDKROOT = iphoneos;
				SWIFT_ACTIVE_COMPILATION_CONDITIONS = DEBUG;
				SWIFT_OPTIMIZATION_LEVEL = "-Onone";
			};
			name = Debug;
		};
		651A23D120AC534600590782 /* Release */ = {
			isa = XCBuildConfiguration;
			buildSettings = {
				ALWAYS_SEARCH_USER_PATHS = NO;
				CLANG_ANALYZER_NONNULL = YES;
				CLANG_ANALYZER_NUMBER_OBJECT_CONVERSION = YES_AGGRESSIVE;
				CLANG_CXX_LANGUAGE_STANDARD = "gnu++14";
				CLANG_CXX_LIBRARY = "libc++";
				CLANG_ENABLE_MODULES = YES;
				CLANG_ENABLE_OBJC_ARC = YES;
				CLANG_ENABLE_OBJC_WEAK = YES;
				CLANG_WARN_BLOCK_CAPTURE_AUTORELEASING = YES;
				CLANG_WARN_BOOL_CONVERSION = YES;
				CLANG_WARN_COMMA = YES;
				CLANG_WARN_CONSTANT_CONVERSION = YES;
				CLANG_WARN_DEPRECATED_OBJC_IMPLEMENTATIONS = YES;
				CLANG_WARN_DIRECT_OBJC_ISA_USAGE = YES_ERROR;
				CLANG_WARN_DOCUMENTATION_COMMENTS = YES;
				CLANG_WARN_EMPTY_BODY = YES;
				CLANG_WARN_ENUM_CONVERSION = YES;
				CLANG_WARN_INFINITE_RECURSION = YES;
				CLANG_WARN_INT_CONVERSION = YES;
				CLANG_WARN_NON_LITERAL_NULL_CONVERSION = YES;
				CLANG_WARN_OBJC_IMPLICIT_RETAIN_SELF = YES;
				CLANG_WARN_OBJC_LITERAL_CONVERSION = YES;
				CLANG_WARN_OBJC_ROOT_CLASS = YES_ERROR;
				CLANG_WARN_RANGE_LOOP_ANALYSIS = YES;
				CLANG_WARN_STRICT_PROTOTYPES = YES;
				CLANG_WARN_SUSPICIOUS_MOVE = YES;
				CLANG_WARN_UNGUARDED_AVAILABILITY = YES_AGGRESSIVE;
				CLANG_WARN_UNREACHABLE_CODE = YES;
				CLANG_WARN__DUPLICATE_METHOD_MATCH = YES;
				CODE_SIGN_IDENTITY = "iPhone Developer";
				COPY_PHASE_STRIP = NO;
				DEBUG_INFORMATION_FORMAT = "dwarf-with-dsym";
				ENABLE_NS_ASSERTIONS = NO;
				ENABLE_STRICT_OBJC_MSGSEND = YES;
				GCC_C_LANGUAGE_STANDARD = gnu11;
				GCC_NO_COMMON_BLOCKS = YES;
				GCC_WARN_64_TO_32_BIT_CONVERSION = YES;
				GCC_WARN_ABOUT_RETURN_TYPE = YES_ERROR;
				GCC_WARN_UNDECLARED_SELECTOR = YES;
				GCC_WARN_UNINITIALIZED_AUTOS = YES_AGGRESSIVE;
				GCC_WARN_UNUSED_FUNCTION = YES;
				GCC_WARN_UNUSED_VARIABLE = YES;
				IPHONEOS_DEPLOYMENT_TARGET = 11.3;
				MTL_ENABLE_DEBUG_INFO = NO;
				SDKROOT = iphoneos;
				SWIFT_COMPILATION_MODE = wholemodule;
				SWIFT_OPTIMIZATION_LEVEL = "-O";
				VALIDATE_PRODUCT = YES;
			};
			name = Release;
		};
		651A23D320AC534600590782 /* Debug */ = {
			isa = XCBuildConfiguration;
			buildSettings = {
				ASSETCATALOG_COMPILER_APPICON_NAME = AppIcon;
				CODE_SIGN_STYLE = Automatic;
				INFOPLIST_FILE = StormViewer/Info.plist;
				LD_RUNPATH_SEARCH_PATHS = (
					"$(inherited)",
					"@executable_path/Frameworks",
				);
				PRODUCT_BUNDLE_IDENTIFIER = com.grace.StormViewer;
				PRODUCT_NAME = "$(TARGET_NAME)";
				SWIFT_VERSION = 4.0;
				TARGETED_DEVICE_FAMILY = "1,2";
			};
			name = Debug;
		};
		651A23D420AC534600590782 /* Release */ = {
			isa = XCBuildConfiguration;
			buildSettings = {
				ASSETCATALOG_COMPILER_APPICON_NAME = AppIcon;
				CODE_SIGN_STYLE = Automatic;
				INFOPLIST_FILE = StormViewer/Info.plist;
				LD_RUNPATH_SEARCH_PATHS = (
					"$(inherited)",
					"@executable_path/Frameworks",
				);
				PRODUCT_BUNDLE_IDENTIFIER = com.grace.StormViewer;
				PRODUCT_NAME = "$(TARGET_NAME)";
				SWIFT_VERSION = 4.0;
				TARGETED_DEVICE_FAMILY = "1,2";
			};
			name = Release;
		};
/* End XCBuildConfiguration section */

/* Begin XCConfigurationList section */
		651A23BB20AC533C00590782 /* Build configuration list for PBXProject "StormViewer" */ = {
			isa = XCConfigurationList;
			buildConfigurations = (
				651A23D020AC534600590782 /* Debug */,
				651A23D120AC534600590782 /* Release */,
			);
			defaultConfigurationIsVisible = 0;
			defaultConfigurationName = Release;
		};
		651A23D220AC534600590782 /* Build configuration list for PBXNativeTarget "StormViewer" */ = {
			isa = XCConfigurationList;
			buildConfigurations = (
				651A23D320AC534600590782 /* Debug */,
				651A23D420AC534600590782 /* Release */,
			);
			defaultConfigurationIsVisible = 0;
			defaultConfigurationName = Release;
		};
/* End XCConfigurationList section */
	};
	rootObject = 651A23B820AC533C00590782 /* Project object */;
}
